
Microsoft Visual Studio Solution File, Format Version 12.00
# Visual Studio Version 16
VisualStudioVersion = 16.0.30503.244
MinimumVisualStudioVersion = 15.0.26124.0
Project("{FAE04EC0-301F-11D3-BF4B-00C04F79EFBC}") = "avcli", "avcli.csproj", "{BF80363C-743E-4E24-875F-23B7FCE6BC4D}"
EndProject
Global
	GlobalSection(SolutionConfigurationPlatforms) = preSolution
		Debug|Any CPU = Debug|Any CPU
		Debug|x64 = Debug|x64
		Debug|x86 = Debug|x86
		Release|Any CPU = Release|Any CPU
		Release|x64 = Release|x64
		Release|x86 = Release|x86
	EndGlobalSection
	GlobalSection(ProjectConfigurationPlatforms) = postSolution
		{BF80363C-743E-4E24-875F-23B7FCE6BC4D}.Debug|Any CPU.ActiveCfg = Debug|Any CPU
		{BF80363C-743E-4E24-875F-23B7FCE6BC4D}.Debug|Any CPU.Build.0 = Debug|Any CPU
		{BF80363C-743E-4E24-875F-23B7FCE6BC4D}.Debug|x64.ActiveCfg = Debug|Any CPU
		{BF80363C-743E-4E24-875F-23B7FCE6BC4D}.Debug|x64.Build.0 = Debug|Any CPU
		{BF80363C-743E-4E24-875F-23B7FCE6BC4D}.Debug|x86.ActiveCfg = Debug|Any CPU
		{BF80363C-743E-4E24-875F-23B7FCE6BC4D}.Debug|x86.Build.0 = Debug|Any CPU
		{BF80363C-743E-4E24-875F-23B7FCE6BC4D}.Release|Any CPU.ActiveCfg = Release|Any CPU
		{BF80363C-743E-4E24-875F-23B7FCE6BC4D}.Release|Any CPU.Build.0 = Release|Any CPU
		{BF80363C-743E-4E24-875F-23B7FCE6BC4D}.Release|x64.ActiveCfg = Release|Any CPU
		{BF80363C-743E-4E24-875F-23B7FCE6BC4D}.Release|x64.Build.0 = Release|Any CPU
		{BF80363C-743E-4E24-875F-23B7FCE6BC4D}.Release|x86.ActiveCfg = Release|Any CPU
		{BF80363C-743E-4E24-875F-23B7FCE6BC4D}.Release|x86.Build.0 = Release|Any CPU
	EndGlobalSection
	GlobalSection(SolutionProperties) = preSolution
		HideSolutionNode = FALSE
	EndGlobalSection
	GlobalSection(ExtensibilityGlobals) = postSolution
		SolutionGuid = {1779184C-AF85-453C-94B8-FDC409B9664C}
	EndGlobalSection
EndGlobal
