
Microsoft Visual Studio Solution File, Format Version 12.00
# Visual Studio Version 16
VisualStudioVersion = 16.0.30503.244
MinimumVisualStudioVersion = 15.0.26124.0
Project("{9A19103F-16F7-4668-BE54-9A1E7A4F7556}") = "AVCli", "AVCli\AVCli.csproj", "{BF80363C-743E-4E24-875F-23B7FCE6BC4D}"
EndProject
Project("{9A19103F-16F7-4668-BE54-9A1E7A4F7556}") = "AVLib", "AVLib\AVLib.csproj", "{9EE54C78-569D-4CB8-A649-9D57AD5DB7D7}"
EndProject
Project("{9A19103F-16F7-4668-BE54-9A1E7A4F7556}") = "AVLib.Tests", "AVLib.Tests\AVLib.Tests.csproj", "{23BE5354-FD6E-4C37-92D7-246A8AB971AD}"
EndProject
Project("{FAE04EC0-301F-11D3-BF4B-00C04F79EFBC}") = "AVUI", "AVUI\AVUI.csproj", "{689738C6-7CB5-46B1-847C-C87FBB43039B}"
EndProject
Global
	GlobalSection(SolutionConfigurationPlatforms) = preSolution
		Debug|Any CPU = Debug|Any CPU
		Debug|x64 = Debug|x64
		Debug|x86 = Debug|x86
		Release|Any CPU = Release|Any CPU
		Release|x64 = Release|x64
		Release|x86 = Release|x86
	EndGlobalSection
	GlobalSection(ProjectConfigurationPlatforms) = postSolution
		{BF80363C-743E-4E24-875F-23B7FCE6BC4D}.Debug|Any CPU.ActiveCfg = Debug|Any CPU
		{BF80363C-743E-4E24-875F-23B7FCE6BC4D}.Debug|Any CPU.Build.0 = Debug|Any CPU
		{BF80363C-743E-4E24-875F-23B7FCE6BC4D}.Debug|x64.ActiveCfg = Debug|Any CPU
		{BF80363C-743E-4E24-875F-23B7FCE6BC4D}.Debug|x64.Build.0 = Debug|Any CPU
		{BF80363C-743E-4E24-875F-23B7FCE6BC4D}.Debug|x86.ActiveCfg = Debug|Any CPU
		{BF80363C-743E-4E24-875F-23B7FCE6BC4D}.Debug|x86.Build.0 = Debug|Any CPU
		{BF80363C-743E-4E24-875F-23B7FCE6BC4D}.Release|Any CPU.ActiveCfg = Release|Any CPU
		{BF80363C-743E-4E24-875F-23B7FCE6BC4D}.Release|Any CPU.Build.0 = Release|Any CPU
		{BF80363C-743E-4E24-875F-23B7FCE6BC4D}.Release|x64.ActiveCfg = Release|Any CPU
		{BF80363C-743E-4E24-875F-23B7FCE6BC4D}.Release|x64.Build.0 = Release|Any CPU
		{BF80363C-743E-4E24-875F-23B7FCE6BC4D}.Release|x86.ActiveCfg = Release|Any CPU
		{BF80363C-743E-4E24-875F-23B7FCE6BC4D}.Release|x86.Build.0 = Release|Any CPU
		{9EE54C78-569D-4CB8-A649-9D57AD5DB7D7}.Debug|Any CPU.ActiveCfg = Debug|Any CPU
		{9EE54C78-569D-4CB8-A649-9D57AD5DB7D7}.Debug|Any CPU.Build.0 = Debug|Any CPU
		{9EE54C78-569D-4CB8-A649-9D57AD5DB7D7}.Debug|x64.ActiveCfg = Debug|Any CPU
		{9EE54C78-569D-4CB8-A649-9D57AD5DB7D7}.Debug|x64.Build.0 = Debug|Any CPU
		{9EE54C78-569D-4CB8-A649-9D57AD5DB7D7}.Debug|x86.ActiveCfg = Debug|Any CPU
		{9EE54C78-569D-4CB8-A649-9D57AD5DB7D7}.Debug|x86.Build.0 = Debug|Any CPU
		{9EE54C78-569D-4CB8-A649-9D57AD5DB7D7}.Release|Any CPU.ActiveCfg = Release|Any CPU
		{9EE54C78-569D-4CB8-A649-9D57AD5DB7D7}.Release|Any CPU.Build.0 = Release|Any CPU
		{9EE54C78-569D-4CB8-A649-9D57AD5DB7D7}.Release|x64.ActiveCfg = Release|Any CPU
		{9EE54C78-569D-4CB8-A649-9D57AD5DB7D7}.Release|x64.Build.0 = Release|Any CPU
		{9EE54C78-569D-4CB8-A649-9D57AD5DB7D7}.Release|x86.ActiveCfg = Release|Any CPU
		{9EE54C78-569D-4CB8-A649-9D57AD5DB7D7}.Release|x86.Build.0 = Release|Any CPU
		{23BE5354-FD6E-4C37-92D7-246A8AB971AD}.Debug|Any CPU.ActiveCfg = Debug|Any CPU
		{23BE5354-FD6E-4C37-92D7-246A8AB971AD}.Debug|Any CPU.Build.0 = Debug|Any CPU
		{23BE5354-FD6E-4C37-92D7-246A8AB971AD}.Debug|x64.ActiveCfg = Debug|Any CPU
		{23BE5354-FD6E-4C37-92D7-246A8AB971AD}.Debug|x64.Build.0 = Debug|Any CPU
		{23BE5354-FD6E-4C37-92D7-246A8AB971AD}.Debug|x86.ActiveCfg = Debug|Any CPU
		{23BE5354-FD6E-4C37-92D7-246A8AB971AD}.Debug|x86.Build.0 = Debug|Any CPU
		{23BE5354-FD6E-4C37-92D7-246A8AB971AD}.Release|Any CPU.ActiveCfg = Release|Any CPU
		{23BE5354-FD6E-4C37-92D7-246A8AB971AD}.Release|Any CPU.Build.0 = Release|Any CPU
		{23BE5354-FD6E-4C37-92D7-246A8AB971AD}.Release|x64.ActiveCfg = Release|Any CPU
		{23BE5354-FD6E-4C37-92D7-246A8AB971AD}.Release|x64.Build.0 = Release|Any CPU
		{23BE5354-FD6E-4C37-92D7-246A8AB971AD}.Release|x86.ActiveCfg = Release|Any CPU
		{23BE5354-FD6E-4C37-92D7-246A8AB971AD}.Release|x86.Build.0 = Release|Any CPU
		{689738C6-7CB5-46B1-847C-C87FBB43039B}.Debug|Any CPU.ActiveCfg = Debug|Any CPU
		{689738C6-7CB5-46B1-847C-C87FBB43039B}.Debug|Any CPU.Build.0 = Debug|Any CPU
		{689738C6-7CB5-46B1-847C-C87FBB43039B}.Debug|x64.ActiveCfg = Debug|Any CPU
		{689738C6-7CB5-46B1-847C-C87FBB43039B}.Debug|x64.Build.0 = Debug|Any CPU
		{689738C6-7CB5-46B1-847C-C87FBB43039B}.Debug|x86.ActiveCfg = Debug|Any CPU
		{689738C6-7CB5-46B1-847C-C87FBB43039B}.Debug|x86.Build.0 = Debug|Any CPU
		{689738C6-7CB5-46B1-847C-C87FBB43039B}.Release|Any CPU.ActiveCfg = Release|Any CPU
		{689738C6-7CB5-46B1-847C-C87FBB43039B}.Release|Any CPU.Build.0 = Release|Any CPU
		{689738C6-7CB5-46B1-847C-C87FBB43039B}.Release|x64.ActiveCfg = Release|Any CPU
		{689738C6-7CB5-46B1-847C-C87FBB43039B}.Release|x64.Build.0 = Release|Any CPU
		{689738C6-7CB5-46B1-847C-C87FBB43039B}.Release|x86.ActiveCfg = Release|Any CPU
		{689738C6-7CB5-46B1-847C-C87FBB43039B}.Release|x86.Build.0 = Release|Any CPU
	EndGlobalSection
	GlobalSection(SolutionProperties) = preSolution
		HideSolutionNode = FALSE
	EndGlobalSection
	GlobalSection(ExtensibilityGlobals) = postSolution
		SolutionGuid = {1779184C-AF85-453C-94B8-FDC409B9664C}
	EndGlobalSection
EndGlobal
